<?xml version="1.0" encoding="utf-8"?>
<Project ToolsVersion="4.0" xmlns="http://schemas.microsoft.com/developer/msbuild/2003">
  <ItemGroup>
    <Filter Include="ソース ファイル">
      <UniqueIdentifier>{4FC737F1-C7A5-4376-A066-2A32D752A2FF}</UniqueIdentifier>
      <Extensions>cpp;c;cc;cxx;c++;cppm;ixx;def;odl;idl;hpj;bat;asm;asmx</Extensions>
    </Filter>
    <Filter Include="ヘッダー ファイル">
      <UniqueIdentifier>{93995380-89BD-4b04-88EB-625FBE52EBFB}</UniqueIdentifier>
      <Extensions>h;hh;hpp;hxx;h++;hm;inl;inc;ipp;xsd</Extensions>
    </Filter>
    <Filter Include="リソース ファイル">
      <UniqueIdentifier>{67DA6AB6-F800-4c08-8B7A-83BB121AAD01}</UniqueIdentifier>
      <Extensions>rc;ico;cur;bmp;dlg;rc2;rct;bin;rgs;gif;jpg;jpeg;jpe;resx;tiff;tif;png;wav;mfcribbon-ms</Extensions>
    </Filter>
    <Filter Include="1.GAME">
      <UniqueIdentifier>{99420f0c-bef7-4e3b-a921-f8b2c559aef4}</UniqueIdentifier>
    </Filter>
    <Filter Include="1.GAME\SCENE">
      <UniqueIdentifier>{82caacc2-bc78-4194-8375-5395b832b7a5}</UniqueIdentifier>
    </Filter>
    <Filter Include="2.OBJECT">
      <UniqueIdentifier>{c124736d-c864-4cc0-90c2-40cfdce84f24}</UniqueIdentifier>
    </Filter>
    <Filter Include="2.OBJECT\1.ENTITY">
      <UniqueIdentifier>{f71adfef-2e07-444b-833a-f6ea3dde1555}</UniqueIdentifier>
    </Filter>
    <Filter Include="2.OBJECT\2.WEAPON">
      <UniqueIdentifier>{8770df12-d577-4073-a941-9211fc8017ea}</UniqueIdentifier>
    </Filter>
    <Filter Include="2.OBJECT\2.WEAPON\BULLET">
      <UniqueIdentifier>{567b0b2e-d394-4f99-a59a-29f8b8338c0d}</UniqueIdentifier>
    </Filter>
    <Filter Include="2.OBJECT\1.ENTITY\ENEMY">
      <UniqueIdentifier>{68d7d6db-bd31-4c4d-a5b5-9eb52f030ee7}</UniqueIdentifier>
    </Filter>
    <Filter Include="3.SINGLE MANAGER">
      <UniqueIdentifier>{66608d9c-bd0b-478e-9b6f-373b804978a2}</UniqueIdentifier>
    </Filter>
    <Filter Include="4.TOOL">
      <UniqueIdentifier>{1554755e-39b2-4491-9320-21365cc84e7e}</UniqueIdentifier>
    </Filter>
  </ItemGroup>
  <ItemGroup>
    <ClCompile Include="Debug.cpp">
      <Filter>4.TOOL</Filter>
    </ClCompile>
    <ClCompile Include="ResultScene.cpp">
      <Filter>1.GAME\SCENE</Filter>
    </ClCompile>
    <ClCompile Include="SceneManager.cpp">
      <Filter>1.GAME\SCENE</Filter>
    </ClCompile>
    <ClCompile Include="TitleScene.cpp">
      <Filter>1.GAME\SCENE</Filter>
    </ClCompile>
    <ClCompile Include="TutorialScene.cpp">
      <Filter>1.GAME\SCENE</Filter>
    </ClCompile>
    <ClCompile Include="GameScene.cpp">
      <Filter>1.GAME\SCENE</Filter>
    </ClCompile>
    <ClCompile Include="CollisionManager.cpp">
      <Filter>3.SINGLE MANAGER</Filter>
    </ClCompile>
    <ClCompile Include="ConfigManager.cpp">
      <Filter>3.SINGLE MANAGER</Filter>
    </ClCompile>
    <ClCompile Include="EnemyManager.cpp">
      <Filter>3.SINGLE MANAGER</Filter>
    </ClCompile>
    <ClCompile Include="InputManager.cpp">
      <Filter>3.SINGLE MANAGER</Filter>
    </ClCompile>
    <ClCompile Include="ItemManager.cpp">
      <Filter>3.SINGLE MANAGER</Filter>
    </ClCompile>
    <ClCompile Include="ProjectileManager.cpp">
      <Filter>3.SINGLE MANAGER</Filter>
    </ClCompile>
    <ClCompile Include="ResourceManager.cpp">
      <Filter>3.SINGLE MANAGER</Filter>
    </ClCompile>
    <ClCompile Include="TextManager.cpp">
      <Filter>3.SINGLE MANAGER</Filter>
    </ClCompile>
    <ClCompile Include="CheckKey.cpp">
      <Filter>4.TOOL</Filter>
    </ClCompile>
    <ClCompile Include="Pathfinding.cpp">
      <Filter>4.TOOL</Filter>
    </ClCompile>
    <ClCompile Include="Camera.cpp">
      <Filter>2.OBJECT\1.ENTITY</Filter>
    </ClCompile>
    <ClCompile Include="Character.cpp">
      <Filter>2.OBJECT\1.ENTITY</Filter>
    </ClCompile>
    <ClCompile Include="HUD.cpp">
      <Filter>2.OBJECT\1.ENTITY</Filter>
    </ClCompile>
    <ClCompile Include="Player.cpp">
      <Filter>2.OBJECT\1.ENTITY</Filter>
    </ClCompile>
    <ClCompile Include="Dummy.cpp">
      <Filter>2.OBJECT\1.ENTITY\ENEMY</Filter>
    </ClCompile>
    <ClCompile Include="Enemy.cpp">
      <Filter>2.OBJECT\1.ENTITY\ENEMY</Filter>
    </ClCompile>
    <ClCompile Include="MeleeEnemy.cpp">
      <Filter>2.OBJECT\1.ENTITY\ENEMY</Filter>
    </ClCompile>
    <ClCompile Include="RifleEnemy.cpp">
      <Filter>2.OBJECT\1.ENTITY\ENEMY</Filter>
    </ClCompile>
    <ClCompile Include="RollingEnemy.cpp">
      <Filter>2.OBJECT\1.ENTITY\ENEMY</Filter>
    </ClCompile>
    <ClCompile Include="SniperEnemy.cpp">
      <Filter>2.OBJECT\1.ENTITY\ENEMY</Filter>
    </ClCompile>
    <ClCompile Include="Status.cpp">
      <Filter>2.OBJECT\1.ENTITY</Filter>
    </ClCompile>
    <ClCompile Include="Weapon.cpp">
      <Filter>2.OBJECT\2.WEAPON</Filter>
    </ClCompile>
    <ClCompile Include="WeaponItem.cpp">
      <Filter>2.OBJECT\2.WEAPON</Filter>
    </ClCompile>
    <ClCompile Include="BaseProjectile.cpp">
      <Filter>2.OBJECT\2.WEAPON\BULLET</Filter>
    </ClCompile>
    <ClCompile Include="Time.cpp">
      <Filter>3.SINGLE MANAGER</Filter>
    </ClCompile>
    <ClCompile Include="Main.cpp">
      <Filter>1.GAME</Filter>
    </ClCompile>
  </ItemGroup>
  <ItemGroup>
    <ClInclude Include="Debug.h">
      <Filter>4.TOOL</Filter>
    </ClInclude>
    <ClInclude Include="ResultScene.h">
      <Filter>1.GAME\SCENE</Filter>
    </ClInclude>
    <ClInclude Include="SceneManager.h">
      <Filter>1.GAME\SCENE</Filter>
    </ClInclude>
    <ClInclude Include="TitleScene.h">
      <Filter>1.GAME\SCENE</Filter>
    </ClInclude>
    <ClInclude Include="TutorialScene.h">
      <Filter>1.GAME\SCENE</Filter>
    </ClInclude>
    <ClInclude Include="BaseScene.h">
      <Filter>1.GAME\SCENE</Filter>
    </ClInclude>
    <ClInclude Include="GameScene.h">
      <Filter>1.GAME\SCENE</Filter>
    </ClInclude>
    <ClInclude Include="CollisionManager.h">
      <Filter>3.SINGLE MANAGER</Filter>
    </ClInclude>
    <ClInclude Include="ConfigManager.h">
      <Filter>3.SINGLE MANAGER</Filter>
    </ClInclude>
    <ClInclude Include="EnemyManager.h">
      <Filter>3.SINGLE MANAGER</Filter>
    </ClInclude>
    <ClInclude Include="InputManager.h">
      <Filter>3.SINGLE MANAGER</Filter>
    </ClInclude>
    <ClInclude Include="ItemManager.h">
      <Filter>3.SINGLE MANAGER</Filter>
    </ClInclude>
    <ClInclude Include="ProjectileManager.h">
      <Filter>3.SINGLE MANAGER</Filter>
    </ClInclude>
    <ClInclude Include="ResourceManager.h">
      <Filter>3.SINGLE MANAGER</Filter>
    </ClInclude>
    <ClInclude Include="TextManager.h">
      <Filter>3.SINGLE MANAGER</Filter>
    </ClInclude>
    <ClInclude Include="CheckKey.h">
      <Filter>4.TOOL</Filter>
    </ClInclude>
    <ClInclude Include="Pathfinding.h">
      <Filter>4.TOOL</Filter>
    </ClInclude>
    <ClInclude Include="Camera.h">
      <Filter>2.OBJECT\1.ENTITY</Filter>
    </ClInclude>
    <ClInclude Include="Character.h">
      <Filter>2.OBJECT\1.ENTITY</Filter>
    </ClInclude>
    <ClInclude Include="HUD.h">
      <Filter>2.OBJECT\1.ENTITY</Filter>
    </ClInclude>
    <ClInclude Include="Player.h">
      <Filter>2.OBJECT\1.ENTITY</Filter>
    </ClInclude>
    <ClInclude Include="Dummy.h">
      <Filter>2.OBJECT\1.ENTITY\ENEMY</Filter>
    </ClInclude>
    <ClInclude Include="Enemy.h">
      <Filter>2.OBJECT\1.ENTITY\ENEMY</Filter>
    </ClInclude>
    <ClInclude Include="MeleeEnemy.h">
      <Filter>2.OBJECT\1.ENTITY\ENEMY</Filter>
    </ClInclude>
    <ClInclude Include="RifleEnemy.h">
      <Filter>2.OBJECT\1.ENTITY\ENEMY</Filter>
    </ClInclude>
    <ClInclude Include="RollingEnemy.h">
      <Filter>2.OBJECT\1.ENTITY\ENEMY</Filter>
    </ClInclude>
    <ClInclude Include="SniperEnemy.h">
      <Filter>2.OBJECT\1.ENTITY</Filter>
    </ClInclude>
    <ClInclude Include="Status.h">
      <Filter>2.OBJECT\1.ENTITY</Filter>
    </ClInclude>
    <ClInclude Include="Weapon.h">
      <Filter>2.OBJECT\2.WEAPON</Filter>
    </ClInclude>
    <ClInclude Include="WeaponItem.h">
      <Filter>2.OBJECT\2.WEAPON</Filter>
    </ClInclude>
    <ClInclude Include="BaseProjectile.h">
      <Filter>3.SINGLE MANAGER</Filter>
    </ClInclude>
    <ClInclude Include="Time.h">
      <Filter>1.GAME</Filter>
    </ClInclude>
    <ClInclude Include="Parameter.h">
      <Filter>1.GAME</Filter>
    </ClInclude>
  </ItemGroup>
</Project>